{
  "name": "clima",
  "lockfileVersion": 3,
  "requires": true,
  "packages": {
    "": {
      "dependencies": {
        "clases": "file:clases"
      }
    },
    "clases": {
      "version": "1.0.0",
      "license": "ISC"
    },
    "node_modules/clases": {
      "resolved": "clases",
      "link": true
    }
  }
}
